
Microsoft Visual Studio Solution File, Format Version 12.00
# Visual Studio Version 17
VisualStudioVersion = 17.9.34728.123
MinimumVisualStudioVersion = 10.0.40219.1
Project("{FAE04EC0-301F-11D3-BF4B-00C04F79EFBC}") = "GrifindoToyLeaveApp", "GrifindoToyLeaveApp\GrifindoToyLeaveApp.csproj", "{890A2627-570F-4F37-8B85-39E340FB8900}"
EndProject
Project("{2150E333-8FDC-42A3-9474-1A3956D46DE8}") = "Solution Items", "Solution Items", "{7404E1FB-A4BE-46E6-8F27-4DD0FCB8C1CA}"
	ProjectSection(SolutionItems) = preProject
		.editorconfig = .editorconfig
	EndProjectSection
EndProject
Global
	GlobalSection(SolutionConfigurationPlatforms) = preSolution
		Debug|Any CPU = Debug|Any CPU
		Release|Any CPU = Release|Any CPU
	EndGlobalSection
	GlobalSection(ProjectConfigurationPlatforms) = postSolution
		{890A2627-570F-4F37-8B85-39E340FB8900}.Debug|Any CPU.ActiveCfg = Debug|Any CPU
		{890A2627-570F-4F37-8B85-39E340FB8900}.Debug|Any CPU.Build.0 = Debug|Any CPU
		{890A2627-570F-4F37-8B85-39E340FB8900}.Release|Any CPU.ActiveCfg = Release|Any CPU
		{890A2627-570F-4F37-8B85-39E340FB8900}.Release|Any CPU.Build.0 = Release|Any CPU
	EndGlobalSection
	GlobalSection(SolutionProperties) = preSolution
		HideSolutionNode = FALSE
	EndGlobalSection
	GlobalSection(ExtensibilityGlobals) = postSolution
		SolutionGuid = {5B9AD6CD-76A2-463F-B12B-E3FF293C79E9}
	EndGlobalSection
EndGlobal
